
Microsoft Visual Studio Solution File, Format Version 10.00
# Visual C++ Express 2008
Project("{8BC9CEB8-8B4A-11D0-8D11-00A0C91BC942}") = "libcurl", "vc6libcurl.vcproj", "{893BD74C-FEBC-4867-AE17-C7904E789DA8}"
EndProject
Global
	GlobalSection(SolutionConfigurationPlatforms) = preSolution
		DLL Debug|Win32 = DLL Debug|Win32
		DLL Release|Win32 = DLL Release|Win32
		LIB Debug|Win32 = LIB Debug|Win32
		LIB Release|Win32 = LIB Release|Win32
	EndGlobalSection
	GlobalSection(ProjectConfigurationPlatforms) = postSolution
		{893BD74C-FEBC-4867-AE17-C7904E789DA8}.DLL Debug|Win32.ActiveCfg = DLL Debug|Win32
		{893BD74C-FEBC-4867-AE17-C7904E789DA8}.DLL Debug|Win32.Build.0 = DLL Debug|Win32
		{893BD74C-FEBC-4867-AE17-C7904E789DA8}.DLL Release|Win32.ActiveCfg = DLL Release|Win32
		{893BD74C-FEBC-4867-AE17-C7904E789DA8}.DLL Release|Win32.Build.0 = DLL Release|Win32
		{893BD74C-FEBC-4867-AE17-C7904E789DA8}.LIB Debug|Win32.ActiveCfg = LIB Debug|Win32
		{893BD74C-FEBC-4867-AE17-C7904E789DA8}.LIB Debug|Win32.Build.0 = LIB Debug|Win32
		{893BD74C-FEBC-4867-AE17-C7904E789DA8}.LIB Release|Win32.ActiveCfg = LIB Release|Win32
		{893BD74C-FEBC-4867-AE17-C7904E789DA8}.LIB Release|Win32.Build.0 = LIB Release|Win32
	EndGlobalSection
	GlobalSection(SolutionProperties) = preSolution
		HideSolutionNode = FALSE
	EndGlobalSection
EndGlobal
